
Microsoft Visual Studio Solution File, Format Version 12.00
# Visual Studio Version 16
VisualStudioVersion = 16.0.30517.126
MinimumVisualStudioVersion = 10.0.40219.1
Project("{FAE04EC0-301F-11D3-BF4B-00C04F79EFBC}") = "GHXR", "GHXRGH\GHXR.csproj", "{A2056543-7D0B-482E-8BF6-005A8C5FCEE4}"
EndProject
Global
	GlobalSection(SolutionConfigurationPlatforms) = preSolution
		Debug|Any CPU = Debug|Any CPU
		Release|Any CPU = Release|Any CPU
	EndGlobalSection
	GlobalSection(ProjectConfigurationPlatforms) = postSolution
		{A2056543-7D0B-482E-8BF6-005A8C5FCEE4}.Debug|Any CPU.ActiveCfg = Debug|Any CPU
		{A2056543-7D0B-482E-8BF6-005A8C5FCEE4}.Debug|Any CPU.Build.0 = Debug|Any CPU
		{A2056543-7D0B-482E-8BF6-005A8C5FCEE4}.Release|Any CPU.ActiveCfg = Release|Any CPU
		{A2056543-7D0B-482E-8BF6-005A8C5FCEE4}.Release|Any CPU.Build.0 = Release|Any CPU
	EndGlobalSection
	GlobalSection(SolutionProperties) = preSolution
		HideSolutionNode = FALSE
	EndGlobalSection
	GlobalSection(ExtensibilityGlobals) = postSolution
		SolutionGuid = {B209A43D-0C6A-4548-BB5D-555ECC560A7D}
	EndGlobalSection
EndGlobal
